
Microsoft Visual Studio Solution File, Format Version 12.00
# Visual Studio Version 16
VisualStudioVersion = 16.0.31624.102
MinimumVisualStudioVersion = 10.0.40219.1
Project("{FAE04EC0-301F-11D3-BF4B-00C04F79EFBC}") = "API", "TransferOrderAPI\API.csproj", "{8B46610A-15FA-4824-A116-8912F7C87F97}"
EndProject
Project("{FAE04EC0-301F-11D3-BF4B-00C04F79EFBC}") = "Infrastructure", "Infrastructure\Infrastructure.csproj", "{7FBA7564-1CF8-43B6-B54E-A5628144B817}"
EndProject
Project("{FAE04EC0-301F-11D3-BF4B-00C04F79EFBC}") = "Core", "Core\Core.csproj", "{1C2DC380-1264-49C8-A980-AEFF72603E2B}"
EndProject
Global
	GlobalSection(SolutionConfigurationPlatforms) = preSolution
		Debug|Any CPU = Debug|Any CPU
		Release|Any CPU = Release|Any CPU
	EndGlobalSection
	GlobalSection(ProjectConfigurationPlatforms) = postSolution
		{8B46610A-15FA-4824-A116-8912F7C87F97}.Debug|Any CPU.ActiveCfg = Debug|Any CPU
		{8B46610A-15FA-4824-A116-8912F7C87F97}.Debug|Any CPU.Build.0 = Debug|Any CPU
		{8B46610A-15FA-4824-A116-8912F7C87F97}.Release|Any CPU.ActiveCfg = Release|Any CPU
		{8B46610A-15FA-4824-A116-8912F7C87F97}.Release|Any CPU.Build.0 = Release|Any CPU
		{7FBA7564-1CF8-43B6-B54E-A5628144B817}.Debug|Any CPU.ActiveCfg = Debug|Any CPU
		{7FBA7564-1CF8-43B6-B54E-A5628144B817}.Debug|Any CPU.Build.0 = Debug|Any CPU
		{7FBA7564-1CF8-43B6-B54E-A5628144B817}.Release|Any CPU.ActiveCfg = Release|Any CPU
		{7FBA7564-1CF8-43B6-B54E-A5628144B817}.Release|Any CPU.Build.0 = Release|Any CPU
		{1C2DC380-1264-49C8-A980-AEFF72603E2B}.Debug|Any CPU.ActiveCfg = Debug|Any CPU
		{1C2DC380-1264-49C8-A980-AEFF72603E2B}.Debug|Any CPU.Build.0 = Debug|Any CPU
		{1C2DC380-1264-49C8-A980-AEFF72603E2B}.Release|Any CPU.ActiveCfg = Release|Any CPU
		{1C2DC380-1264-49C8-A980-AEFF72603E2B}.Release|Any CPU.Build.0 = Release|Any CPU
	EndGlobalSection
	GlobalSection(SolutionProperties) = preSolution
		HideSolutionNode = FALSE
	EndGlobalSection
	GlobalSection(ExtensibilityGlobals) = postSolution
		SolutionGuid = {C2D407F8-2520-4789-A219-4D0230C4F20F}
	EndGlobalSection
EndGlobal
